// !$*UTF8*$!
{
	archiveVersion = 1;
	classes = {
	};
	objectVersion = 50;
	objects = {

/* Begin PBXBuildFile section */
		8D3E7EBB23107E690036A9C0 /* AppDelegate.swift in Sources */ = {isa = PBXBuildFile; fileRef = 8D3E7EBA23107E690036A9C0 /* AppDelegate.swift */; };
		8D3E7EBD23107E690036A9C0 /* ViewController.swift in Sources */ = {isa = PBXBuildFile; fileRef = 8D3E7EBC23107E690036A9C0 /* ViewController.swift */; };
		8D3E7EC023107E690036A9C0 /* Main.storyboard in Resources */ = {isa = PBXBuildFile; fileRef = 8D3E7EBE23107E690036A9C0 /* Main.storyboard */; };
		8D3E7EC223107E6A0036A9C0 /* Assets.xcassets in Resources */ = {isa = PBXBuildFile; fileRef = 8D3E7EC123107E6A0036A9C0 /* Assets.xcassets */; };
		8D3E7EC523107E6A0036A9C0 /* LaunchScreen.storyboard in Resources */ = {isa = PBXBuildFile; fileRef = 8D3E7EC323107E6A0036A9C0 /* LaunchScreen.storyboard */; };
		8D3E7ED023107E6A0036A9C0 /* ExpensesTests.swift in Sources */ = {isa = PBXBuildFile; fileRef = 8D3E7ECF23107E6A0036A9C0 /* ExpensesTests.swift */; };
		8D3E7EDB23107E6A0036A9C0 /* ExpensesUITests.swift in Sources */ = {isa = PBXBuildFile; fileRef = 8D3E7EDA23107E6A0036A9C0 /* ExpensesUITests.swift */; };
/* End PBXBuildFile section */

/* Begin PBXContainerItemProxy section */
		8D3E7ECC23107E6A0036A9C0 /* PBXContainerItemProxy */ = {
			isa = PBXContainerItemProxy;
			containerPortal = 8D3E7EAF23107E690036A9C0 /* Project object */;
			proxyType = 1;
			remoteGlobalIDString = 8D3E7EB623107E690036A9C0;
			remoteInfo = Expenses;
		};
		8D3E7ED723107E6A0036A9C0 /* PBXContainerItemProxy */ = {
			isa = PBXContainerItemProxy;
			containerPortal = 8D3E7EAF23107E690036A9C0 /* Project object */;
			proxyType = 1;
			remoteGlobalIDString = 8D3E7EB623107E690036A9C0;
			remoteInfo = Expenses;
		};
/* End PBXContainerItemProxy section */

/* Begin PBXFileReference section */
		8D3E7EB723107E690036A9C0 /* Expenses.app */ = {isa = PBXFileReference; explicitFileType = wrapper.application; includeInIndex = 0; path = Expenses.app; sourceTree = BUILT_PRODUCTS_DIR; };
		8D3E7EBA23107E690036A9C0 /* AppDelegate.swift */ = {isa = PBXFileReference; lastKnownFileType = sourcecode.swift; path = AppDelegate.swift; sourceTree = "<group>"; };
		8D3E7EBC23107E690036A9C0 /* ViewController.swift */ = {isa = PBXFileReference; lastKnownFileType = sourcecode.swift; path = ViewController.swift; sourceTree = "<group>"; };
		8D3E7EBF23107E690036A9C0 /* Base */ = {isa = PBXFileReference; lastKnownFileType = file.storyboard; name = Base; path = Base.lproj/Main.storyboard; sourceTree = "<group>"; };
		8D3E7EC123107E6A0036A9C0 /* Assets.xcassets */ = {isa = PBXFileReference; lastKnownFileType = folder.assetcatalog; path = Assets.xcassets; sourceTree = "<group>"; };
		8D3E7EC423107E6A0036A9C0 /* Base */ = {isa = PBXFileReference; lastKnownFileType = file.storyboard; name = Base; path = Base.lproj/LaunchScreen.storyboard; sourceTree = "<group>"; };
		8D3E7EC623107E6A0036A9C0 /* Info.plist */ = {isa = PBXFileReference; lastKnownFileType = text.plist.xml; path = Info.plist; sourceTree = "<group>"; };
		8D3E7ECB23107E6A0036A9C0 /* ExpensesTests.xctest */ = {isa = PBXFileReference; explicitFileType = wrapper.cfbundle; includeInIndex = 0; path = ExpensesTests.xctest; sourceTree = BUILT_PRODUCTS_DIR; };
		8D3E7ECF23107E6A0036A9C0 /* ExpensesTests.swift */ = {isa = PBXFileReference; lastKnownFileType = sourcecode.swift; path = ExpensesTests.swift; sourceTree = "<group>"; };
		8D3E7ED123107E6A0036A9C0 /* Info.plist */ = {isa = PBXFileReference; lastKnownFileType = text.plist.xml; path = Info.plist; sourceTree = "<group>"; };
		8D3E7ED623107E6A0036A9C0 /* ExpensesUITests.xctest */ = {isa = PBXFileReference; explicitFileType = wrapper.cfbundle; includeInIndex = 0; path = ExpensesUITests.xctest; sourceTree = BUILT_PRODUCTS_DIR; };
		8D3E7EDA23107E6A0036A9C0 /* ExpensesUITests.swift */ = {isa = PBXFileReference; lastKnownFileType = sourcecode.swift; path = ExpensesUITests.swift; sourceTree = "<group>"; };
		8D3E7EDC23107E6A0036A9C0 /* Info.plist */ = {isa = PBXFileReference; lastKnownFileType = text.plist.xml; path = Info.plist; sourceTree = "<group>"; };
/* End PBXFileReference section */

/* Begin PBXFrameworksBuildPhase section */
		8D3E7EB423107E690036A9C0 /* Frameworks */ = {
			isa = PBXFrameworksBuildPhase;
			buildActionMask = 2147483647;
			files = (
			);
			runOnlyForDeploymentPostprocessing = 0;
		};
		8D3E7EC823107E6A0036A9C0 /* Frameworks */ = {
			isa = PBXFrameworksBuildPhase;
			buildActionMask = 2147483647;
			files = (
			);
			runOnlyForDeploymentPostprocessing = 0;
		};
		8D3E7ED323107E6A0036A9C0 /* Frameworks */ = {
			isa = PBXFrameworksBuildPhase;
			buildActionMask = 2147483647;
			files = (
			);
			runOnlyForDeploymentPostprocessing = 0;
		};
/* End PBXFrameworksBuildPhase section */

/* Begin PBXGroup section */
		8D3E7EAE23107E690036A9C0 = {
			isa = PBXGroup;
			children = (
				8D3E7EB923107E690036A9C0 /* Expenses */,
				8D3E7ECE23107E6A0036A9C0 /* ExpensesTests */,
				8D3E7ED923107E6A0036A9C0 /* ExpensesUITests */,
				8D3E7EB823107E690036A9C0 /* Products */,
			);
			sourceTree = "<group>";
		};
		8D3E7EB823107E690036A9C0 /* Products */ = {
			isa = PBXGroup;
			children = (
				8D3E7EB723107E690036A9C0 /* Expenses.app */,
				8D3E7ECB23107E6A0036A9C0 /* ExpensesTests.xctest */,
				8D3E7ED623107E6A0036A9C0 /* ExpensesUITests.xctest */,
			);
			name = Products;
			sourceTree = "<group>";
		};
		8D3E7EB923107E690036A9C0 /* Expenses */ = {
			isa = PBXGroup;
			children = (
				8D3E7EBA23107E690036A9C0 /* AppDelegate.swift */,
				8D3E7EBC23107E690036A9C0 /* ViewController.swift */,
				8D3E7EBE23107E690036A9C0 /* Main.storyboard */,
				8D3E7EC123107E6A0036A9C0 /* Assets.xcassets */,
				8D3E7EC323107E6A0036A9C0 /* LaunchScreen.storyboard */,
				8D3E7EC623107E6A0036A9C0 /* Info.plist */,
			);
			path = Expenses;
			sourceTree = "<group>";
		};
		8D3E7ECE23107E6A0036A9C0 /* ExpensesTests */ = {
			isa = PBXGroup;
			children = (
				8D3E7ECF23107E6A0036A9C0 /* ExpensesTests.swift */,
				8D3E7ED123107E6A0036A9C0 /* Info.plist */,
			);
			path = ExpensesTests;
			sourceTree = "<group>";
		};
		8D3E7ED923107E6A0036A9C0 /* ExpensesUITests */ = {
			isa = PBXGroup;
			children = (
				8D3E7EDA23107E6A0036A9C0 /* ExpensesUITests.swift */,
				8D3E7EDC23107E6A0036A9C0 /* Info.plist */,
			);
			path = ExpensesUITests;
			sourceTree = "<group>";
		};
/* End PBXGroup section */

/* Begin PBXNativeTarget section */
		8D3E7EB623107E690036A9C0 /* Expenses */ = {
			isa = PBXNativeTarget;
			buildConfigurationList = 8D3E7EDF23107E6A0036A9C0 /* Build configuration list for PBXNativeTarget "Expenses" */;
			buildPhases = (
				8D3E7EB323107E690036A9C0 /* Sources */,
				8D3E7EB423107E690036A9C0 /* Frameworks */,
				8D3E7EB523107E690036A9C0 /* Resources */,
			);
			buildRules = (
			);
			dependencies = (
			);
			name = Expenses;
			productName = Expenses;
			productReference = 8D3E7EB723107E690036A9C0 /* Expenses.app */;
			productType = "com.apple.product-type.application";
		};
		8D3E7ECA23107E6A0036A9C0 /* ExpensesTests */ = {
			isa = PBXNativeTarget;
			buildConfigurationList = 8D3E7EE223107E6A0036A9C0 /* Build configuration list for PBXNativeTarget "ExpensesTests" */;
			buildPhases = (
				8D3E7EC723107E6A0036A9C0 /* Sources */,
				8D3E7EC823107E6A0036A9C0 /* Frameworks */,
				8D3E7EC923107E6A0036A9C0 /* Resources */,
			);
			buildRules = (
			);
			dependencies = (
				8D3E7ECD23107E6A0036A9C0 /* PBXTargetDependency */,
			);
			name = ExpensesTests;
			productName = ExpensesTests;
			productReference = 8D3E7ECB23107E6A0036A9C0 /* ExpensesTests.xctest */;
			productType = "com.apple.product-type.bundle.unit-test";
		};
		8D3E7ED523107E6A0036A9C0 /* ExpensesUITests */ = {
			isa = PBXNativeTarget;
			buildConfigurationList = 8D3E7EE523107E6A0036A9C0 /* Build configuration list for PBXNativeTarget "ExpensesUITests" */;
			buildPhases = (
				8D3E7ED223107E6A0036A9C0 /* Sources */,
				8D3E7ED323107E6A0036A9C0 /* Frameworks */,
				8D3E7ED423107E6A0036A9C0 /* Resources */,
			);
			buildRules = (
			);
			dependencies = (
				8D3E7ED823107E6A0036A9C0 /* PBXTargetDependency */,
			);
			name = ExpensesUITests;
			productName = ExpensesUITests;
			productReference = 8D3E7ED623107E6A0036A9C0 /* ExpensesUITests.xctest */;
			productType = "com.apple.product-type.bundle.ui-testing";
		};
/* End PBXNativeTarget section */

/* Begin PBXProject section */
		8D3E7EAF23107E690036A9C0 /* Project object */ = {
			isa = PBXProject;
			attributes = {
				LastSwiftUpdateCheck = 1030;
				LastUpgradeCheck = 1030;
				ORGANIZATIONNAME = "Henry Sills";
				TargetAttributes = {
					8D3E7EB623107E690036A9C0 = {
						CreatedOnToolsVersion = 10.3;
					};
					8D3E7ECA23107E6A0036A9C0 = {
						CreatedOnToolsVersion = 10.3;
						TestTargetID = 8D3E7EB623107E690036A9C0;
					};
					8D3E7ED523107E6A0036A9C0 = {
						CreatedOnToolsVersion = 10.3;
						TestTargetID = 8D3E7EB623107E690036A9C0;
					};
				};
			};
			buildConfigurationList = 8D3E7EB223107E690036A9C0 /* Build configuration list for PBXProject "Expenses" */;
			compatibilityVersion = "Xcode 9.3";
			developmentRegion = en;
			hasScannedForEncodings = 0;
			knownRegions = (
				en,
				Base,
			);
			mainGroup = 8D3E7EAE23107E690036A9C0;
			productRefGroup = 8D3E7EB823107E690036A9C0 /* Products */;
			projectDirPath = "";
			projectRoot = "";
			targets = (
				8D3E7EB623107E690036A9C0 /* Expenses */,
				8D3E7ECA23107E6A0036A9C0 /* ExpensesTests */,
				8D3E7ED523107E6A0036A9C0 /* ExpensesUITests */,
			);
		};
/* End PBXProject section */

/* Begin PBXResourcesBuildPhase section */
		8D3E7EB523107E690036A9C0 /* Resources */ = {
			isa = PBXResourcesBuildPhase;
			buildActionMask = 2147483647;
			files = (
				8D3E7EC523107E6A0036A9C0 /* LaunchScreen.storyboard in Resources */,
				8D3E7EC223107E6A0036A9C0 /* Assets.xcassets in Resources */,
				8D3E7EC023107E690036A9C0 /* Main.storyboard in Resources */,
			);
			runOnlyForDeploymentPostprocessing = 0;
		};
		8D3E7EC923107E6A0036A9C0 /* Resources */ = {
			isa = PBXResourcesBuildPhase;
			buildActionMask = 2147483647;
			files = (
			);
			runOnlyForDeploymentPostprocessing = 0;
		};
		8D3E7ED423107E6A0036A9C0 /* Resources */ = {
			isa = PBXResourcesBuildPhase;
			buildActionMask = 2147483647;
			files = (
			);
			runOnlyForDeploymentPostprocessing = 0;
		};
/* End PBXResourcesBuildPhase section */

/* Begin PBXSourcesBuildPhase section */
		8D3E7EB323107E690036A9C0 /* Sources */ = {
			isa = PBXSourcesBuildPhase;
			buildActionMask = 2147483647;
			files = (
				8D3E7EBD23107E690036A9C0 /* ViewController.swift in Sources */,
				8D3E7EBB23107E690036A9C0 /* AppDelegate.swift in Sources */,
			);
			runOnlyForDeploymentPostprocessing = 0;
		};
		8D3E7EC723107E6A0036A9C0 /* Sources */ = {
			isa = PBXSourcesBuildPhase;
			buildActionMask = 2147483647;
			files = (
				8D3E7ED023107E6A0036A9C0 /* ExpensesTests.swift in Sources */,
			);
			runOnlyForDeploymentPostprocessing = 0;
		};
		8D3E7ED223107E6A0036A9C0 /* Sources */ = {
			isa = PBXSourcesBuildPhase;
			buildActionMask = 2147483647;
			files = (
				8D3E7EDB23107E6A0036A9C0 /* ExpensesUITests.swift in Sources */,
			);
			runOnlyForDeploymentPostprocessing = 0;
		};
/* End PBXSourcesBuildPhase section */

/* Begin PBXTargetDependency section */
		8D3E7ECD23107E6A0036A9C0 /* PBXTargetDependency */ = {
			isa = PBXTargetDependency;
			target = 8D3E7EB623107E690036A9C0 /* Expenses */;
			targetProxy = 8D3E7ECC23107E6A0036A9C0 /* PBXContainerItemProxy */;
		};
		8D3E7ED823107E6A0036A9C0 /* PBXTargetDependency */ = {
			isa = PBXTargetDependency;
			target = 8D3E7EB623107E690036A9C0 /* Expenses */;
			targetProxy = 8D3E7ED723107E6A0036A9C0 /* PBXContainerItemProxy */;
		};
/* End PBXTargetDependency section */

/* Begin PBXVariantGroup section */
		8D3E7EBE23107E690036A9C0 /* Main.storyboard */ = {
			isa = PBXVariantGroup;
			children = (
				8D3E7EBF23107E690036A9C0 /* Base */,
			);
			name = Main.storyboard;
			sourceTree = "<group>";
		};
		8D3E7EC323107E6A0036A9C0 /* LaunchScreen.storyboard */ = {
			isa = PBXVariantGroup;
			children = (
				8D3E7EC423107E6A0036A9C0 /* Base */,
			);
			name = LaunchScreen.storyboard;
			sourceTree = "<group>";
		};
/* End PBXVariantGroup section */

/* Begin XCBuildConfiguration section */
		8D3E7EDD23107E6A0036A9C0 /* Debug */ = {
			isa = XCBuildConfiguration;
			buildSettings = {
				ALWAYS_SEARCH_USER_PATHS = NO;
				CLANG_ANALYZER_NONNULL = YES;
				CLANG_ANALYZER_NUMBER_OBJECT_CONVERSION = YES_AGGRESSIVE;
				CLANG_CXX_LANGUAGE_STANDARD = "gnu++14";
				CLANG_CXX_LIBRARY = "libc++";
				CLANG_ENABLE_MODULES = YES;
				CLANG_ENABLE_OBJC_ARC = YES;
				CLANG_ENABLE_OBJC_WEAK = YES;
				CLANG_WARN_BLOCK_CAPTURE_AUTORELEASING = YES;
				CLANG_WARN_BOOL_CONVERSION = YES;
				CLANG_WARN_COMMA = YES;
				CLANG_WARN_CONSTANT_CONVERSION = YES;
				CLANG_WARN_DEPRECATED_OBJC_IMPLEMENTATIONS = YES;
				CLANG_WARN_DIRECT_OBJC_ISA_USAGE = YES_ERROR;
				CLANG_WARN_DOCUMENTATION_COMMENTS = YES;
				CLANG_WARN_EMPTY_BODY = YES;
				CLANG_WARN_ENUM_CONVERSION = YES;
				CLANG_WARN_INFINITE_RECURSION = YES;
				CLANG_WARN_INT_CONVERSION = YES;
				CLANG_WARN_NON_LITERAL_NULL_CONVERSION = YES;
				CLANG_WARN_OBJC_IMPLICIT_RETAIN_SELF = YES;
				CLANG_WARN_OBJC_LITERAL_CONVERSION = YES;
				CLANG_WARN_OBJC_ROOT_CLASS = YES_ERROR;
				CLANG_WARN_RANGE_LOOP_ANALYSIS = YES;
				CLANG_WARN_STRICT_PROTOTYPES = YES;
				CLANG_WARN_SUSPICIOUS_MOVE = YES;
				CLANG_WARN_UNGUARDED_AVAILABILITY = YES_AGGRESSIVE;
				CLANG_WARN_UNREACHABLE_CODE = YES;
				CLANG_WARN__DUPLICATE_METHOD_MATCH = YES;
				CODE_SIGN_IDENTITY = "iPhone Developer";
				COPY_PHASE_STRIP = NO;
				DEBUG_INFORMATION_FORMAT = dwarf;
				ENABLE_STRICT_OBJC_MSGSEND = YES;
				ENABLE_TESTABILITY = YES;
				GCC_C_LANGUAGE_STANDARD = gnu11;
				GCC_DYNAMIC_NO_PIC = NO;
				GCC_NO_COMMON_BLOCKS = YES;
				GCC_OPTIMIZATION_LEVEL = 0;
				GCC_PREPROCESSOR_DEFINITIONS = (
					"DEBUG=1",
					"$(inherited)",
				);
				GCC_WARN_64_TO_32_BIT_CONVERSION = YES;
				GCC_WARN_ABOUT_RETURN_TYPE = YES_ERROR;
				GCC_WARN_UNDECLARED_SELECTOR = YES;
				GCC_WARN_UNINITIALIZED_AUTOS = YES_AGGRESSIVE;
				GCC_WARN_UNUSED_FUNCTION = YES;
				GCC_WARN_UNUSED_VARIABLE = YES;
				IPHONEOS_DEPLOYMENT_TARGET = 12.4;
				MTL_ENABLE_DEBUG_INFO = INCLUDE_SOURCE;
				MTL_FAST_MATH = YES;
				ONLY_ACTIVE_ARCH = YES;
				SDKROOT = iphoneos;
				SWIFT_ACTIVE_COMPILATION_CONDITIONS = DEBUG;
				SWIFT_OPTIMIZATION_LEVEL = "-Onone";
			};
			name = Debug;
		};
		8D3E7EDE23107E6A0036A9C0 /* Release */ = {
			isa = XCBuildConfiguration;
			buildSettings = {
				ALWAYS_SEARCH_USER_PATHS = NO;
				CLANG_ANALYZER_NONNULL = YES;
				CLANG_ANALYZER_NUMBER_OBJECT_CONVERSION = YES_AGGRESSIVE;
				CLANG_CXX_LANGUAGE_STANDARD = "gnu++14";
				CLANG_CXX_LIBRARY = "libc++";
				CLANG_ENABLE_MODULES = YES;
				CLANG_ENABLE_OBJC_ARC = YES;
				CLANG_ENABLE_OBJC_WEAK = YES;
				CLANG_WARN_BLOCK_CAPTURE_AUTORELEASING = YES;
				CLANG_WARN_BOOL_CONVERSION = YES;
				CLANG_WARN_COMMA = YES;
				CLANG_WARN_CONSTANT_CONVERSION = YES;
				CLANG_WARN_DEPRECATED_OBJC_IMPLEMENTATIONS = YES;
				CLANG_WARN_DIRECT_OBJC_ISA_USAGE = YES_ERROR;
				CLANG_WARN_DOCUMENTATION_COMMENTS = YES;
				CLANG_WARN_EMPTY_BODY = YES;
				CLANG_WARN_ENUM_CONVERSION = YES;
				CLANG_WARN_INFINITE_RECURSION = YES;
				CLANG_WARN_INT_CONVERSION = YES;
				CLANG_WARN_NON_LITERAL_NULL_CONVERSION = YES;
				CLANG_WARN_OBJC_IMPLICIT_RETAIN_SELF = YES;
				CLANG_WARN_OBJC_LITERAL_CONVERSION = YES;
				CLANG_WARN_OBJC_ROOT_CLASS = YES_ERROR;
				CLANG_WARN_RANGE_LOOP_ANALYSIS = YES;
				CLANG_WARN_STRICT_PROTOTYPES = YES;
				CLANG_WARN_SUSPICIOUS_MOVE = YES;
				CLANG_WARN_UNGUARDED_AVAILABILITY = YES_AGGRESSIVE;
				CLANG_WARN_UNREACHABLE_CODE = YES;
				CLANG_WARN__DUPLICATE_METHOD_MATCH = YES;
				CODE_SIGN_IDENTITY = "iPhone Developer";
				COPY_PHASE_STRIP = NO;
				DEBUG_INFORMATION_FORMAT = "dwarf-with-dsym";
				ENABLE_NS_ASSERTIONS = NO;
				ENABLE_STRICT_OBJC_MSGSEND = YES;
				GCC_C_LANGUAGE_STANDARD = gnu11;
				GCC_NO_COMMON_BLOCKS = YES;
				GCC_WARN_64_TO_32_BIT_CONVERSION = YES;
				GCC_WARN_ABOUT_RETURN_TYPE = YES_ERROR;
				GCC_WARN_UNDECLARED_SELECTOR = YES;
				GCC_WARN_UNINITIALIZED_AUTOS = YES_AGGRESSIVE;
				GCC_WARN_UNUSED_FUNCTION = YES;
				GCC_WARN_UNUSED_VARIABLE = YES;
				IPHONEOS_DEPLOYMENT_TARGET = 12.4;
				MTL_ENABLE_DEBUG_INFO = NO;
				MTL_FAST_MATH = YES;
				SDKROOT = iphoneos;
				SWIFT_COMPILATION_MODE = wholemodule;
				SWIFT_OPTIMIZATION_LEVEL = "-O";
				VALIDATE_PRODUCT = YES;
			};
			name = Release;
		};
		8D3E7EE023107E6A0036A9C0 /* Debug */ = {
			isa = XCBuildConfiguration;
			buildSettings = {
				ASSETCATALOG_COMPILER_APPICON_NAME = AppIcon;
				CODE_SIGN_STYLE = Automatic;
				DEVELOPMENT_TEAM = 627YPSFA5B;
				INFOPLIST_FILE = Expenses/Info.plist;
				LD_RUNPATH_SEARCH_PATHS = (
					"$(inherited)",
					"@executable_path/Frameworks",
				);
				PRODUCT_BUNDLE_IDENTIFIER = edu.missouri.Expenses;
				PRODUCT_NAME = "$(TARGET_NAME)";
				SWIFT_VERSION = 5.0;
				TARGETED_DEVICE_FAMILY = "1,2";
			};
			name = Debug;
		};
		8D3E7EE123107E6A0036A9C0 /* Release */ = {
			isa = XCBuildConfiguration;
			buildSettings = {
				ASSETCATALOG_COMPILER_APPICON_NAME = AppIcon;
				CODE_SIGN_STYLE = Automatic;
				DEVELOPMENT_TEAM = 627YPSFA5B;
				INFOPLIST_FILE = Expenses/Info.plist;
				LD_RUNPATH_SEARCH_PATHS = (
					"$(inherited)",
					"@executable_path/Frameworks",
				);
				PRODUCT_BUNDLE_IDENTIFIER = edu.missouri.Expenses;
				PRODUCT_NAME = "$(TARGET_NAME)";
				SWIFT_VERSION = 5.0;
				TARGETED_DEVICE_FAMILY = "1,2";
			};
			name = Release;
		};
		8D3E7EE323107E6A0036A9C0 /* Debug */ = {
			isa = XCBuildConfiguration;
			buildSettings = {
				ALWAYS_EMBED_SWIFT_STANDARD_LIBRARIES = YES;
				BUNDLE_LOADER = "$(TEST_HOST)";
				CODE_SIGN_STYLE = Automatic;
				DEVELOPMENT_TEAM = 627YPSFA5B;
				INFOPLIST_FILE = ExpensesTests/Info.plist;
				LD_RUNPATH_SEARCH_PATHS = (
					"$(inherited)",
					"@executable_path/Frameworks",
					"@loader_path/Frameworks",
				);
				PRODUCT_BUNDLE_IDENTIFIER = edu.missouri.ExpensesTests;
				PRODUCT_NAME = "$(TARGET_NAME)";
				SWIFT_VERSION = 5.0;
				TARGETED_DEVICE_FAMILY = "1,2";
				TEST_HOST = "$(BUILT_PRODUCTS_DIR)/Expenses.app/Expenses";
			};
			name = Debug;
		};
		8D3E7EE423107E6A0036A9C0 /* Release */ = {
			isa = XCBuildConfiguration;
			buildSettings = {
				ALWAYS_EMBED_SWIFT_STANDARD_LIBRARIES = YES;
				BUNDLE_LOADER = "$(TEST_HOST)";
				CODE_SIGN_STYLE = Automatic;
				DEVELOPMENT_TEAM = 627YPSFA5B;
				INFOPLIST_FILE = ExpensesTests/Info.plist;
				LD_RUNPATH_SEARCH_PATHS = (
					"$(inherited)",
					"@executable_path/Frameworks",
					"@loader_path/Frameworks",
				);
				PRODUCT_BUNDLE_IDENTIFIER = edu.missouri.ExpensesTests;
				PRODUCT_NAME = "$(TARGET_NAME)";
				SWIFT_VERSION = 5.0;
				TARGETED_DEVICE_FAMILY = "1,2";
				TEST_HOST = "$(BUILT_PRODUCTS_DIR)/Expenses.app/Expenses";
			};
			name = Release;
		};
		8D3E7EE623107E6A0036A9C0 /* Debug */ = {
			isa = XCBuildConfiguration;
			buildSettings = {
				ALWAYS_EMBED_SWIFT_STANDARD_LIBRARIES = YES;
				CODE_SIGN_STYLE = Automatic;
				DEVELOPMENT_TEAM = 627YPSFA5B;
				INFOPLIST_FILE = ExpensesUITests/Info.plist;
				LD_RUNPATH_SEARCH_PATHS = (
					"$(inherited)",
					"@executable_path/Frameworks",
					"@loader_path/Frameworks",
				);
				PRODUCT_BUNDLE_IDENTIFIER = edu.missouri.ExpensesUITests;
				PRODUCT_NAME = "$(TARGET_NAME)";
				SWIFT_VERSION = 5.0;
				TARGETED_DEVICE_FAMILY = "1,2";
				TEST_TARGET_NAME = Expenses;
			};
			name = Debug;
		};
		8D3E7EE723107E6A0036A9C0 /* Release */ = {
			isa = XCBuildConfiguration;
			buildSettings = {
				ALWAYS_EMBED_SWIFT_STANDARD_LIBRARIES = YES;
				CODE_SIGN_STYLE = Automatic;
				DEVELOPMENT_TEAM = 627YPSFA5B;
				INFOPLIST_FILE = ExpensesUITests/Info.plist;
				LD_RUNPATH_SEARCH_PATHS = (
					"$(inherited)",
					"@executable_path/Frameworks",
					"@loader_path/Frameworks",
				);
				PRODUCT_BUNDLE_IDENTIFIER = edu.missouri.ExpensesUITests;
				PRODUCT_NAME = "$(TARGET_NAME)";
				SWIFT_VERSION = 5.0;
				TARGETED_DEVICE_FAMILY = "1,2";
				TEST_TARGET_NAME = Expenses;
			};
			name = Release;
		};
/* End XCBuildConfiguration section */

/* Begin XCConfigurationList section */
		8D3E7EB223107E690036A9C0 /* Build configuration list for PBXProject "Expenses" */ = {
			isa = XCConfigurationList;
			buildConfigurations = (
				8D3E7EDD23107E6A0036A9C0 /* Debug */,
				8D3E7EDE23107E6A0036A9C0 /* Release */,
			);
			defaultConfigurationIsVisible = 0;
			defaultConfigurationName = Release;
		};
		8D3E7EDF23107E6A0036A9C0 /* Build configuration list for PBXNativeTarget "Expenses" */ = {
			isa = XCConfigurationList;
			buildConfigurations = (
				8D3E7EE023107E6A0036A9C0 /* Debug */,
				8D3E7EE123107E6A0036A9C0 /* Release */,
			);
			defaultConfigurationIsVisible = 0;
			defaultConfigurationName = Release;
		};
		8D3E7EE223107E6A0036A9C0 /* Build configuration list for PBXNativeTarget "ExpensesTests" */ = {
			isa = XCConfigurationList;
			buildConfigurations = (
				8D3E7EE323107E6A0036A9C0 /* Debug */,
				8D3E7EE423107E6A0036A9C0 /* Release */,
			);
			defaultConfigurationIsVisible = 0;
			defaultConfigurationName = Release;
		};
		8D3E7EE523107E6A0036A9C0 /* Build configuration list for PBXNativeTarget "ExpensesUITests" */ = {
			isa = XCConfigurationList;
			buildConfigurations = (
				8D3E7EE623107E6A0036A9C0 /* Debug */,
				8D3E7EE723107E6A0036A9C0 /* Release */,
			);
			defaultConfigurationIsVisible = 0;
			defaultConfigurationName = Release;
		};
/* End XCConfigurationList section */
	};
	rootObject = 8D3E7EAF23107E690036A9C0 /* Project object */;
}
